
Microsoft Visual Studio Solution File, Format Version 12.00
# Visual Studio 14
VisualStudioVersion = 14.0.25123.0
MinimumVisualStudioVersion = 10.0.40219.1
Project("{8BC9CEB8-8B4A-11D0-8D11-00A0C91BC942}") = "testThreadPoolIo", "testThreadPoolIo\testThreadPoolIo.vcxproj", "{0352E4A0-909E-40B1-9F3D-1F9591A5DD4E}"
EndProject
Project("{8BC9CEB8-8B4A-11D0-8D11-00A0C91BC942}") = "client", "client\client.vcxproj", "{6F59DC3F-5A2B-40AA-A160-A7A1BAD3A539}"
EndProject
Global
	GlobalSection(SolutionConfigurationPlatforms) = preSolution
		Debug|x64 = Debug|x64
		Debug|x86 = Debug|x86
		Release|x64 = Release|x64
		Release|x86 = Release|x86
	EndGlobalSection
	GlobalSection(ProjectConfigurationPlatforms) = postSolution
		{0352E4A0-909E-40B1-9F3D-1F9591A5DD4E}.Debug|x64.ActiveCfg = Debug|x64
		{0352E4A0-909E-40B1-9F3D-1F9591A5DD4E}.Debug|x64.Build.0 = Debug|x64
		{0352E4A0-909E-40B1-9F3D-1F9591A5DD4E}.Debug|x86.ActiveCfg = Debug|Win32
		{0352E4A0-909E-40B1-9F3D-1F9591A5DD4E}.Debug|x86.Build.0 = Debug|Win32
		{0352E4A0-909E-40B1-9F3D-1F9591A5DD4E}.Release|x64.ActiveCfg = Release|x64
		{0352E4A0-909E-40B1-9F3D-1F9591A5DD4E}.Release|x64.Build.0 = Release|x64
		{0352E4A0-909E-40B1-9F3D-1F9591A5DD4E}.Release|x86.ActiveCfg = Release|Win32
		{0352E4A0-909E-40B1-9F3D-1F9591A5DD4E}.Release|x86.Build.0 = Release|Win32
		{6F59DC3F-5A2B-40AA-A160-A7A1BAD3A539}.Debug|x64.ActiveCfg = Debug|x64
		{6F59DC3F-5A2B-40AA-A160-A7A1BAD3A539}.Debug|x64.Build.0 = Debug|x64
		{6F59DC3F-5A2B-40AA-A160-A7A1BAD3A539}.Debug|x86.ActiveCfg = Debug|Win32
		{6F59DC3F-5A2B-40AA-A160-A7A1BAD3A539}.Debug|x86.Build.0 = Debug|Win32
		{6F59DC3F-5A2B-40AA-A160-A7A1BAD3A539}.Release|x64.ActiveCfg = Release|x64
		{6F59DC3F-5A2B-40AA-A160-A7A1BAD3A539}.Release|x64.Build.0 = Release|x64
		{6F59DC3F-5A2B-40AA-A160-A7A1BAD3A539}.Release|x86.ActiveCfg = Release|Win32
		{6F59DC3F-5A2B-40AA-A160-A7A1BAD3A539}.Release|x86.Build.0 = Release|Win32
	EndGlobalSection
	GlobalSection(SolutionProperties) = preSolution
		HideSolutionNode = FALSE
	EndGlobalSection
EndGlobal
