<?xml version="1.0" encoding="utf-8"?>
<Project ToolsVersion="4.0" xmlns="http://schemas.microsoft.com/developer/msbuild/2003">
  <ItemGroup>
    <Filter Include="源文件">
      <UniqueIdentifier>{4FC737F1-C7A5-4376-A066-2A32D752A2FF}</UniqueIdentifier>
      <Extensions>cpp;c;cc;cxx;def;odl;idl;hpj;bat;asm;asmx</Extensions>
    </Filter>
    <Filter Include="头文件">
      <UniqueIdentifier>{93995380-89BD-4b04-88EB-625FBE52EBFB}</UniqueIdentifier>
      <Extensions>h;hh;hpp;hxx;hm;inl;inc;xsd</Extensions>
    </Filter>
    <Filter Include="资源文件">
      <UniqueIdentifier>{67DA6AB6-F800-4c08-8B7A-83BB121AAD01}</UniqueIdentifier>
      <Extensions>rc;ico;cur;bmp;dlg;rc2;rct;bin;rgs;gif;jpg;jpeg;jpe;resx;tiff;tif;png;wav;mfcribbon-ms</Extensions>
    </Filter>
    <Filter Include="头文件\iocp">
      <UniqueIdentifier>{b21dbba2-9aa6-4243-b438-4254a765916d}</UniqueIdentifier>
    </Filter>
    <Filter Include="头文件\cmdline">
      <UniqueIdentifier>{e071aaa2-a353-4e64-87fe-eed2498864b8}</UniqueIdentifier>
    </Filter>
  </ItemGroup>
  <ItemGroup>
    <ClCompile Include="main.cpp">
      <Filter>源文件</Filter>
    </ClCompile>
    <ClCompile Include="iocp.cpp">
      <Filter>源文件</Filter>
    </ClCompile>
    <ClCompile Include="iocpBase.cpp">
      <Filter>源文件</Filter>
    </ClCompile>
  </ItemGroup>
  <ItemGroup>
    <ClInclude Include="lock.h">
      <Filter>头文件</Filter>
    </ClInclude>
    <ClInclude Include="iocp.h">
      <Filter>头文件\iocp</Filter>
    </ClInclude>
    <ClInclude Include="iocpBase.h">
      <Filter>头文件\iocp</Filter>
    </ClInclude>
    <ClInclude Include="..\cmdline\cmdline.h">
      <Filter>头文件\cmdline</Filter>
    </ClInclude>
    <ClInclude Include="myAllocator.h">
      <Filter>头文件</Filter>
    </ClInclude>
  </ItemGroup>
</Project>